// !$*UTF8*$!
{
	archiveVersion = 1;
	classes = {
	};
	objectVersion = 46;
	objects = {

/* Begin PBXBuildFile section */
		3780748ACA3ED171C702E319 /* libPods.a in Frameworks */ = {isa = PBXBuildFile; fileRef = AFA3ED4F2CB0B56FE6049977 /* libPods.a */; };
		E515F2311D017DBC003F89DE /* AdvertiseView.m in Sources */ = {isa = PBXBuildFile; fileRef = E515F22F1D017DBC003F89DE /* AdvertiseView.m */; };
		E56FE7B91CF55274001EE712 /* ZUtility.m in Sources */ = {isa = PBXBuildFile; fileRef = E56FE7B81CF55274001EE712 /* ZUtility.m */; };
		E574BA2B1CF4219500FDB9B4 /* main.m in Sources */ = {isa = PBXBuildFile; fileRef = E574BA2A1CF4219500FDB9B4 /* main.m */; };
		E574BA2E1CF4219500FDB9B4 /* AppDelegate.m in Sources */ = {isa = PBXBuildFile; fileRef = E574BA2D1CF4219500FDB9B4 /* AppDelegate.m */; };
		E574BA311CF4219500FDB9B4 /* ViewController.m in Sources */ = {isa = PBXBuildFile; fileRef = E574BA301CF4219500FDB9B4 /* ViewController.m */; };
		E574BA341CF4219500FDB9B4 /* Main.storyboard in Resources */ = {isa = PBXBuildFile; fileRef = E574BA321CF4219500FDB9B4 /* Main.storyboard */; };
		E574BA371CF4219500FDB9B4 /* ShopFrame.xcdatamodeld in Sources */ = {isa = PBXBuildFile; fileRef = E574BA351CF4219500FDB9B4 /* ShopFrame.xcdatamodeld */; };
		E574BA391CF4219500FDB9B4 /* Assets.xcassets in Resources */ = {isa = PBXBuildFile; fileRef = E574BA381CF4219500FDB9B4 /* Assets.xcassets */; };
		E574BA3C1CF4219500FDB9B4 /* LaunchScreen.storyboard in Resources */ = {isa = PBXBuildFile; fileRef = E574BA3A1CF4219500FDB9B4 /* LaunchScreen.storyboard */; };
		E574BA471CF4219500FDB9B4 /* ShopFrameTests.m in Sources */ = {isa = PBXBuildFile; fileRef = E574BA461CF4219500FDB9B4 /* ShopFrameTests.m */; };
		E574BA521CF4219500FDB9B4 /* ShopFrameUITests.m in Sources */ = {isa = PBXBuildFile; fileRef = E574BA511CF4219500FDB9B4 /* ShopFrameUITests.m */; };
		E574BA731CF43A4300FDB9B4 /* BaseViewController.m in Sources */ = {isa = PBXBuildFile; fileRef = E574BA711CF43A4300FDB9B4 /* BaseViewController.m */; };
		E574BA771CF43ADD00FDB9B4 /* NetworkService.m in Sources */ = {isa = PBXBuildFile; fileRef = E574BA761CF43ADD00FDB9B4 /* NetworkService.m */; };
		E574BA7A1CF43AF700FDB9B4 /* NetworkServiceItem.m in Sources */ = {isa = PBXBuildFile; fileRef = E574BA791CF43AF700FDB9B4 /* NetworkServiceItem.m */; };
		E574BA7D1CF4490F00FDB9B4 /* NSDictionary+SafeObject.m in Sources */ = {isa = PBXBuildFile; fileRef = E574BA7C1CF4490F00FDB9B4 /* NSDictionary+SafeObject.m */; };
		E57A35201CFFFEF3009B84AE /* BaseTableViewCell.m in Sources */ = {isa = PBXBuildFile; fileRef = E57A351F1CFFFEF3009B84AE /* BaseTableViewCell.m */; };
		E57A35231CFFFF10009B84AE /* BaseTableItem.m in Sources */ = {isa = PBXBuildFile; fileRef = E57A35221CFFFF10009B84AE /* BaseTableItem.m */; };
		E57A35261CFFFF2D009B84AE /* BaseTableGropItem.m in Sources */ = {isa = PBXBuildFile; fileRef = E57A35251CFFFF2D009B84AE /* BaseTableGropItem.m */; };
		E57A352A1D0006E9009B84AE /* HomeViewController.m in Sources */ = {isa = PBXBuildFile; fileRef = E57A35281D0006E9009B84AE /* HomeViewController.m */; };
		E57A352B1D0006E9009B84AE /* HomeViewController.xib in Resources */ = {isa = PBXBuildFile; fileRef = E57A35291D0006E9009B84AE /* HomeViewController.xib */; };
		E57A352F1D0006FD009B84AE /* ShopCartViewController.m in Sources */ = {isa = PBXBuildFile; fileRef = E57A352D1D0006FD009B84AE /* ShopCartViewController.m */; };
		E57A35301D0006FD009B84AE /* ShopCartViewController.xib in Resources */ = {isa = PBXBuildFile; fileRef = E57A352E1D0006FD009B84AE /* ShopCartViewController.xib */; };
		E57A35341D00070A009B84AE /* MeViewController.m in Sources */ = {isa = PBXBuildFile; fileRef = E57A35321D00070A009B84AE /* MeViewController.m */; };
		E57A35351D00070A009B84AE /* MeViewController.xib in Resources */ = {isa = PBXBuildFile; fileRef = E57A35331D00070A009B84AE /* MeViewController.xib */; };
		E57A353B1D00181C009B84AE /* UINavigationBar+Awesome.m in Sources */ = {isa = PBXBuildFile; fileRef = E57A353A1D00181C009B84AE /* UINavigationBar+Awesome.m */; };
		E58103591D014B9A00A1000D /* AdvertiseViewController.m in Sources */ = {isa = PBXBuildFile; fileRef = E58103581D014B9A00A1000D /* AdvertiseViewController.m */; };
		E59BBC4A1CFD72AB00B9E8DB /* BaseScrollViewController.m in Sources */ = {isa = PBXBuildFile; fileRef = E59BBC491CFD72AB00B9E8DB /* BaseScrollViewController.m */; };
		E59BBC4D1CFD72BF00B9E8DB /* BaseTableViewController.m in Sources */ = {isa = PBXBuildFile; fileRef = E59BBC4C1CFD72BF00B9E8DB /* BaseTableViewController.m */; };
		E59BBC501CFD72EB00B9E8DB /* BaseCollectionViewController.m in Sources */ = {isa = PBXBuildFile; fileRef = E59BBC4F1CFD72EB00B9E8DB /* BaseCollectionViewController.m */; };
		E59BBC531CFDA5D300B9E8DB /* BaseTableGroupViewController.m in Sources */ = {isa = PBXBuildFile; fileRef = E59BBC521CFDA5D300B9E8DB /* BaseTableGroupViewController.m */; };
		E5A258AB1D06BF4A00978309 /* PasswordInputWindow.m in Sources */ = {isa = PBXBuildFile; fileRef = E5A258AA1D06BF4A00978309 /* PasswordInputWindow.m */; };
		E5A5412B1D052BF9008506B5 /* RuntimePushSuperViewController.m in Sources */ = {isa = PBXBuildFile; fileRef = E5A5412A1D052BF9008506B5 /* RuntimePushSuperViewController.m */; };
		E5A5412F1D053F48008506B5 /* RuntimePushFristViewController.m in Sources */ = {isa = PBXBuildFile; fileRef = E5A5412E1D053F48008506B5 /* RuntimePushFristViewController.m */; };
		E5A541321D053F5B008506B5 /* RuntimePushSecondViewController.m in Sources */ = {isa = PBXBuildFile; fileRef = E5A541311D053F5B008506B5 /* RuntimePushSecondViewController.m */; };
		E5A541351D053F73008506B5 /* RuntimePushThirdViewController.m in Sources */ = {isa = PBXBuildFile; fileRef = E5A541341D053F73008506B5 /* RuntimePushThirdViewController.m */; };
		E5A541381D053F81008506B5 /* RuntimePushFourViewController.m in Sources */ = {isa = PBXBuildFile; fileRef = E5A541371D053F81008506B5 /* RuntimePushFourViewController.m */; };
		E5A5413B1D053FCA008506B5 /* RuntimePushListViewController.m in Sources */ = {isa = PBXBuildFile; fileRef = E5A5413A1D053FCA008506B5 /* RuntimePushListViewController.m */; };
		E5A5413F1D054389008506B5 /* MeTableGropItem.m in Sources */ = {isa = PBXBuildFile; fileRef = E5A5413E1D054389008506B5 /* MeTableGropItem.m */; };
		E5A541421D05439D008506B5 /* MeTableItem.m in Sources */ = {isa = PBXBuildFile; fileRef = E5A541411D05439D008506B5 /* MeTableItem.m */; };
		E5A541451D055550008506B5 /* MeTableViewCell.m in Sources */ = {isa = PBXBuildFile; fileRef = E5A541441D055550008506B5 /* MeTableViewCell.m */; };
		E5A541481D0557CA008506B5 /* UIView+Extension.m in Sources */ = {isa = PBXBuildFile; fileRef = E5A541471D0557CA008506B5 /* UIView+Extension.m */; };
/* End PBXBuildFile section */

/* Begin PBXContainerItemProxy section */
		E574BA431CF4219500FDB9B4 /* PBXContainerItemProxy */ = {
			isa = PBXContainerItemProxy;
			containerPortal = E574BA1E1CF4219500FDB9B4 /* Project object */;
			proxyType = 1;
			remoteGlobalIDString = E574BA251CF4219500FDB9B4;
			remoteInfo = ShopFrame;
		};
		E574BA4E1CF4219500FDB9B4 /* PBXContainerItemProxy */ = {
			isa = PBXContainerItemProxy;
			containerPortal = E574BA1E1CF4219500FDB9B4 /* Project object */;
			proxyType = 1;
			remoteGlobalIDString = E574BA251CF4219500FDB9B4;
			remoteInfo = ShopFrame;
		};
/* End PBXContainerItemProxy section */

/* Begin PBXFileReference section */
		088F0B2AE8750562F11F0C3B /* Pods.release.xcconfig */ = {isa = PBXFileReference; includeInIndex = 1; lastKnownFileType = text.xcconfig; name = Pods.release.xcconfig; path = "Pods/Target Support Files/Pods/Pods.release.xcconfig"; sourceTree = "<group>"; };
		220D16039A5AAEF697B6AE90 /* Pods.debug.xcconfig */ = {isa = PBXFileReference; includeInIndex = 1; lastKnownFileType = text.xcconfig; name = Pods.debug.xcconfig; path = "Pods/Target Support Files/Pods/Pods.debug.xcconfig"; sourceTree = "<group>"; };
		AFA3ED4F2CB0B56FE6049977 /* libPods.a */ = {isa = PBXFileReference; explicitFileType = archive.ar; includeInIndex = 0; path = libPods.a; sourceTree = BUILT_PRODUCTS_DIR; };
		E515F22F1D017DBC003F89DE /* AdvertiseView.m */ = {isa = PBXFileReference; fileEncoding = 4; lastKnownFileType = sourcecode.c.objc; path = AdvertiseView.m; sourceTree = "<group>"; };
		E515F2301D017DBC003F89DE /* AdvertiseView.h */ = {isa = PBXFileReference; fileEncoding = 4; lastKnownFileType = sourcecode.c.h; path = AdvertiseView.h; sourceTree = "<group>"; };
		E56FE7B71CF55274001EE712 /* ZUtility.h */ = {isa = PBXFileReference; fileEncoding = 4; lastKnownFileType = sourcecode.c.h; path = ZUtility.h; sourceTree = "<group>"; };
		E56FE7B81CF55274001EE712 /* ZUtility.m */ = {isa = PBXFileReference; fileEncoding = 4; lastKnownFileType = sourcecode.c.objc; path = ZUtility.m; sourceTree = "<group>"; };
		E574BA261CF4219500FDB9B4 /* ShopFrame.app */ = {isa = PBXFileReference; explicitFileType = wrapper.application; includeInIndex = 0; path = ShopFrame.app; sourceTree = BUILT_PRODUCTS_DIR; };
		E574BA2A1CF4219500FDB9B4 /* main.m */ = {isa = PBXFileReference; lastKnownFileType = sourcecode.c.objc; path = main.m; sourceTree = "<group>"; };
		E574BA2C1CF4219500FDB9B4 /* AppDelegate.h */ = {isa = PBXFileReference; lastKnownFileType = sourcecode.c.h; path = AppDelegate.h; sourceTree = "<group>"; };
		E574BA2D1CF4219500FDB9B4 /* AppDelegate.m */ = {isa = PBXFileReference; lastKnownFileType = sourcecode.c.objc; path = AppDelegate.m; sourceTree = "<group>"; };
		E574BA2F1CF4219500FDB9B4 /* ViewController.h */ = {isa = PBXFileReference; lastKnownFileType = sourcecode.c.h; path = ViewController.h; sourceTree = "<group>"; };
		E574BA301CF4219500FDB9B4 /* ViewController.m */ = {isa = PBXFileReference; lastKnownFileType = sourcecode.c.objc; path = ViewController.m; sourceTree = "<group>"; };
		E574BA331CF4219500FDB9B4 /* Base */ = {isa = PBXFileReference; lastKnownFileType = file.storyboard; name = Base; path = Base.lproj/Main.storyboard; sourceTree = "<group>"; };
		E574BA361CF4219500FDB9B4 /* ShopFrame.xcdatamodel */ = {isa = PBXFileReference; lastKnownFileType = wrapper.xcdatamodel; path = ShopFrame.xcdatamodel; sourceTree = "<group>"; };
		E574BA381CF4219500FDB9B4 /* Assets.xcassets */ = {isa = PBXFileReference; lastKnownFileType = folder.assetcatalog; path = Assets.xcassets; sourceTree = "<group>"; };
		E574BA3B1CF4219500FDB9B4 /* Base */ = {isa = PBXFileReference; lastKnownFileType = file.storyboard; name = Base; path = Base.lproj/LaunchScreen.storyboard; sourceTree = "<group>"; };
		E574BA3D1CF4219500FDB9B4 /* Info.plist */ = {isa = PBXFileReference; lastKnownFileType = text.plist.xml; path = Info.plist; sourceTree = "<group>"; };
		E574BA421CF4219500FDB9B4 /* ShopFrameTests.xctest */ = {isa = PBXFileReference; explicitFileType = wrapper.cfbundle; includeInIndex = 0; path = ShopFrameTests.xctest; sourceTree = BUILT_PRODUCTS_DIR; };
		E574BA461CF4219500FDB9B4 /* ShopFrameTests.m */ = {isa = PBXFileReference; lastKnownFileType = sourcecode.c.objc; path = ShopFrameTests.m; sourceTree = "<group>"; };
		E574BA481CF4219500FDB9B4 /* Info.plist */ = {isa = PBXFileReference; lastKnownFileType = text.plist.xml; path = Info.plist; sourceTree = "<group>"; };
		E574BA4D1CF4219500FDB9B4 /* ShopFrameUITests.xctest */ = {isa = PBXFileReference; explicitFileType = wrapper.cfbundle; includeInIndex = 0; path = ShopFrameUITests.xctest; sourceTree = BUILT_PRODUCTS_DIR; };
		E574BA511CF4219500FDB9B4 /* ShopFrameUITests.m */ = {isa = PBXFileReference; lastKnownFileType = sourcecode.c.objc; path = ShopFrameUITests.m; sourceTree = "<group>"; };
		E574BA531CF4219500FDB9B4 /* Info.plist */ = {isa = PBXFileReference; lastKnownFileType = text.plist.xml; path = Info.plist; sourceTree = "<group>"; };
		E574BA661CF4371700FDB9B4 /* PrefixHeader.pch */ = {isa = PBXFileReference; fileEncoding = 4; lastKnownFileType = sourcecode.c.h; path = PrefixHeader.pch; sourceTree = "<group>"; };
		E574BA681CF437D800FDB9B4 /* CommonDefine.h */ = {isa = PBXFileReference; fileEncoding = 4; lastKnownFileType = sourcecode.c.h; path = CommonDefine.h; sourceTree = "<group>"; };
		E574BA691CF4380E00FDB9B4 /* ApiDefine.h */ = {isa = PBXFileReference; fileEncoding = 4; lastKnownFileType = sourcecode.c.h; path = ApiDefine.h; sourceTree = "<group>"; };
		E574BA6A1CF4382800FDB9B4 /* ColorDefine.h */ = {isa = PBXFileReference; fileEncoding = 4; lastKnownFileType = sourcecode.c.h; path = ColorDefine.h; sourceTree = "<group>"; };
		E574BA6B1CF4383A00FDB9B4 /* NotificationDefine.h */ = {isa = PBXFileReference; fileEncoding = 4; lastKnownFileType = sourcecode.c.h; path = NotificationDefine.h; sourceTree = "<group>"; };
		E574BA701CF43A4300FDB9B4 /* BaseViewController.h */ = {isa = PBXFileReference; fileEncoding = 4; lastKnownFileType = sourcecode.c.h; path = BaseViewController.h; sourceTree = "<group>"; };
		E574BA711CF43A4300FDB9B4 /* BaseViewController.m */ = {isa = PBXFileReference; fileEncoding = 4; lastKnownFileType = sourcecode.c.objc; path = BaseViewController.m; sourceTree = "<group>"; };
		E574BA751CF43ADD00FDB9B4 /* NetworkService.h */ = {isa = PBXFileReference; fileEncoding = 4; lastKnownFileType = sourcecode.c.h; path = NetworkService.h; sourceTree = "<group>"; };
		E574BA761CF43ADD00FDB9B4 /* NetworkService.m */ = {isa = PBXFileReference; fileEncoding = 4; lastKnownFileType = sourcecode.c.objc; path = NetworkService.m; sourceTree = "<group>"; };
		E574BA781CF43AF700FDB9B4 /* NetworkServiceItem.h */ = {isa = PBXFileReference; fileEncoding = 4; lastKnownFileType = sourcecode.c.h; path = NetworkServiceItem.h; sourceTree = "<group>"; };
		E574BA791CF43AF700FDB9B4 /* NetworkServiceItem.m */ = {isa = PBXFileReference; fileEncoding = 4; lastKnownFileType = sourcecode.c.objc; path = NetworkServiceItem.m; sourceTree = "<group>"; };
		E574BA7B1CF4490F00FDB9B4 /* NSDictionary+SafeObject.h */ = {isa = PBXFileReference; fileEncoding = 4; lastKnownFileType = sourcecode.c.h; path = "NSDictionary+SafeObject.h"; sourceTree = "<group>"; };
		E574BA7C1CF4490F00FDB9B4 /* NSDictionary+SafeObject.m */ = {isa = PBXFileReference; fileEncoding = 4; lastKnownFileType = sourcecode.c.objc; path = "NSDictionary+SafeObject.m"; sourceTree = "<group>"; };
		E57A351E1CFFFEF3009B84AE /* BaseTableViewCell.h */ = {isa = PBXFileReference; fileEncoding = 4; lastKnownFileType = sourcecode.c.h; path = BaseTableViewCell.h; sourceTree = "<group>"; };
		E57A351F1CFFFEF3009B84AE /* BaseTableViewCell.m */ = {isa = PBXFileReference; fileEncoding = 4; lastKnownFileType = sourcecode.c.objc; path = BaseTableViewCell.m; sourceTree = "<group>"; };
		E57A35211CFFFF10009B84AE /* BaseTableItem.h */ = {isa = PBXFileReference; fileEncoding = 4; lastKnownFileType = sourcecode.c.h; path = BaseTableItem.h; sourceTree = "<group>"; };
		E57A35221CFFFF10009B84AE /* BaseTableItem.m */ = {isa = PBXFileReference; fileEncoding = 4; lastKnownFileType = sourcecode.c.objc; path = BaseTableItem.m; sourceTree = "<group>"; };
		E57A35241CFFFF2D009B84AE /* BaseTableGropItem.h */ = {isa = PBXFileReference; fileEncoding = 4; lastKnownFileType = sourcecode.c.h; path = BaseTableGropItem.h; sourceTree = "<group>"; };
		E57A35251CFFFF2D009B84AE /* BaseTableGropItem.m */ = {isa = PBXFileReference; fileEncoding = 4; lastKnownFileType = sourcecode.c.objc; path = BaseTableGropItem.m; sourceTree = "<group>"; };
		E57A35271D0006E9009B84AE /* HomeViewController.h */ = {isa = PBXFileReference; fileEncoding = 4; lastKnownFileType = sourcecode.c.h; path = HomeViewController.h; sourceTree = "<group>"; };
		E57A35281D0006E9009B84AE /* HomeViewController.m */ = {isa = PBXFileReference; fileEncoding = 4; lastKnownFileType = sourcecode.c.objc; path = HomeViewController.m; sourceTree = "<group>"; };
		E57A35291D0006E9009B84AE /* HomeViewController.xib */ = {isa = PBXFileReference; fileEncoding = 4; lastKnownFileType = file.xib; path = HomeViewController.xib; sourceTree = "<group>"; };
		E57A352C1D0006FD009B84AE /* ShopCartViewController.h */ = {isa = PBXFileReference; fileEncoding = 4; lastKnownFileType = sourcecode.c.h; path = ShopCartViewController.h; sourceTree = "<group>"; };
		E57A352D1D0006FD009B84AE /* ShopCartViewController.m */ = {isa = PBXFileReference; fileEncoding = 4; lastKnownFileType = sourcecode.c.objc; path = ShopCartViewController.m; sourceTree = "<group>"; };
		E57A352E1D0006FD009B84AE /* ShopCartViewController.xib */ = {isa = PBXFileReference; fileEncoding = 4; lastKnownFileType = file.xib; path = ShopCartViewController.xib; sourceTree = "<group>"; };
		E57A35311D00070A009B84AE /* MeViewController.h */ = {isa = PBXFileReference; fileEncoding = 4; lastKnownFileType = sourcecode.c.h; path = MeViewController.h; sourceTree = "<group>"; };
		E57A35321D00070A009B84AE /* MeViewController.m */ = {isa = PBXFileReference; fileEncoding = 4; lastKnownFileType = sourcecode.c.objc; path = MeViewController.m; sourceTree = "<group>"; };
		E57A35331D00070A009B84AE /* MeViewController.xib */ = {isa = PBXFileReference; fileEncoding = 4; lastKnownFileType = file.xib; path = MeViewController.xib; sourceTree = "<group>"; };
		E57A35391D00181C009B84AE /* UINavigationBar+Awesome.h */ = {isa = PBXFileReference; fileEncoding = 4; lastKnownFileType = sourcecode.c.h; path = "UINavigationBar+Awesome.h"; sourceTree = "<group>"; };
		E57A353A1D00181C009B84AE /* UINavigationBar+Awesome.m */ = {isa = PBXFileReference; fileEncoding = 4; lastKnownFileType = sourcecode.c.objc; path = "UINavigationBar+Awesome.m"; sourceTree = "<group>"; };
		E58103571D014B9A00A1000D /* AdvertiseViewController.h */ = {isa = PBXFileReference; fileEncoding = 4; lastKnownFileType = sourcecode.c.h; path = AdvertiseViewController.h; sourceTree = "<group>"; };
		E58103581D014B9A00A1000D /* AdvertiseViewController.m */ = {isa = PBXFileReference; fileEncoding = 4; lastKnownFileType = sourcecode.c.objc; path = AdvertiseViewController.m; sourceTree = "<group>"; };
		E59BBC481CFD72AB00B9E8DB /* BaseScrollViewController.h */ = {isa = PBXFileReference; fileEncoding = 4; lastKnownFileType = sourcecode.c.h; path = BaseScrollViewController.h; sourceTree = "<group>"; };
		E59BBC491CFD72AB00B9E8DB /* BaseScrollViewController.m */ = {isa = PBXFileReference; fileEncoding = 4; lastKnownFileType = sourcecode.c.objc; path = BaseScrollViewController.m; sourceTree = "<group>"; };
		E59BBC4B1CFD72BF00B9E8DB /* BaseTableViewController.h */ = {isa = PBXFileReference; fileEncoding = 4; lastKnownFileType = sourcecode.c.h; path = BaseTableViewController.h; sourceTree = "<group>"; };
		E59BBC4C1CFD72BF00B9E8DB /* BaseTableViewController.m */ = {isa = PBXFileReference; fileEncoding = 4; lastKnownFileType = sourcecode.c.objc; path = BaseTableViewController.m; sourceTree = "<group>"; };
		E59BBC4E1CFD72EB00B9E8DB /* BaseCollectionViewController.h */ = {isa = PBXFileReference; fileEncoding = 4; lastKnownFileType = sourcecode.c.h; path = BaseCollectionViewController.h; sourceTree = "<group>"; };
		E59BBC4F1CFD72EB00B9E8DB /* BaseCollectionViewController.m */ = {isa = PBXFileReference; fileEncoding = 4; lastKnownFileType = sourcecode.c.objc; path = BaseCollectionViewController.m; sourceTree = "<group>"; };
		E59BBC511CFDA5D300B9E8DB /* BaseTableGroupViewController.h */ = {isa = PBXFileReference; fileEncoding = 4; lastKnownFileType = sourcecode.c.h; path = BaseTableGroupViewController.h; sourceTree = "<group>"; };
		E59BBC521CFDA5D300B9E8DB /* BaseTableGroupViewController.m */ = {isa = PBXFileReference; fileEncoding = 4; lastKnownFileType = sourcecode.c.objc; path = BaseTableGroupViewController.m; sourceTree = "<group>"; };
		E5A258A91D06BF4A00978309 /* PasswordInputWindow.h */ = {isa = PBXFileReference; fileEncoding = 4; lastKnownFileType = sourcecode.c.h; path = PasswordInputWindow.h; sourceTree = "<group>"; };
		E5A258AA1D06BF4A00978309 /* PasswordInputWindow.m */ = {isa = PBXFileReference; fileEncoding = 4; lastKnownFileType = sourcecode.c.objc; path = PasswordInputWindow.m; sourceTree = "<group>"; };
		E5A541291D052BF9008506B5 /* RuntimePushSuperViewController.h */ = {isa = PBXFileReference; fileEncoding = 4; lastKnownFileType = sourcecode.c.h; path = RuntimePushSuperViewController.h; sourceTree = "<group>"; };
		E5A5412A1D052BF9008506B5 /* RuntimePushSuperViewController.m */ = {isa = PBXFileReference; fileEncoding = 4; lastKnownFileType = sourcecode.c.objc; path = RuntimePushSuperViewController.m; sourceTree = "<group>"; };
		E5A5412D1D053F48008506B5 /* RuntimePushFristViewController.h */ = {isa = PBXFileReference; fileEncoding = 4; lastKnownFileType = sourcecode.c.h; path = RuntimePushFristViewController.h; sourceTree = "<group>"; };
		E5A5412E1D053F48008506B5 /* RuntimePushFristViewController.m */ = {isa = PBXFileReference; fileEncoding = 4; lastKnownFileType = sourcecode.c.objc; path = RuntimePushFristViewController.m; sourceTree = "<group>"; };
		E5A541301D053F5B008506B5 /* RuntimePushSecondViewController.h */ = {isa = PBXFileReference; fileEncoding = 4; lastKnownFileType = sourcecode.c.h; path = RuntimePushSecondViewController.h; sourceTree = "<group>"; };
		E5A541311D053F5B008506B5 /* RuntimePushSecondViewController.m */ = {isa = PBXFileReference; fileEncoding = 4; lastKnownFileType = sourcecode.c.objc; path = RuntimePushSecondViewController.m; sourceTree = "<group>"; };
		E5A541331D053F73008506B5 /* RuntimePushThirdViewController.h */ = {isa = PBXFileReference; fileEncoding = 4; lastKnownFileType = sourcecode.c.h; path = RuntimePushThirdViewController.h; sourceTree = "<group>"; };
		E5A541341D053F73008506B5 /* RuntimePushThirdViewController.m */ = {isa = PBXFileReference; fileEncoding = 4; lastKnownFileType = sourcecode.c.objc; path = RuntimePushThirdViewController.m; sourceTree = "<group>"; };
		E5A541361D053F81008506B5 /* RuntimePushFourViewController.h */ = {isa = PBXFileReference; fileEncoding = 4; lastKnownFileType = sourcecode.c.h; path = RuntimePushFourViewController.h; sourceTree = "<group>"; };
		E5A541371D053F81008506B5 /* RuntimePushFourViewController.m */ = {isa = PBXFileReference; fileEncoding = 4; lastKnownFileType = sourcecode.c.objc; path = RuntimePushFourViewController.m; sourceTree = "<group>"; };
		E5A541391D053FCA008506B5 /* RuntimePushListViewController.h */ = {isa = PBXFileReference; fileEncoding = 4; lastKnownFileType = sourcecode.c.h; path = RuntimePushListViewController.h; sourceTree = "<group>"; };
		E5A5413A1D053FCA008506B5 /* RuntimePushListViewController.m */ = {isa = PBXFileReference; fileEncoding = 4; lastKnownFileType = sourcecode.c.objc; path = RuntimePushListViewController.m; sourceTree = "<group>"; };
		E5A5413D1D054389008506B5 /* MeTableGropItem.h */ = {isa = PBXFileReference; fileEncoding = 4; lastKnownFileType = sourcecode.c.h; path = MeTableGropItem.h; sourceTree = "<group>"; };
		E5A5413E1D054389008506B5 /* MeTableGropItem.m */ = {isa = PBXFileReference; fileEncoding = 4; lastKnownFileType = sourcecode.c.objc; path = MeTableGropItem.m; sourceTree = "<group>"; };
		E5A541401D05439D008506B5 /* MeTableItem.h */ = {isa = PBXFileReference; fileEncoding = 4; lastKnownFileType = sourcecode.c.h; path = MeTableItem.h; sourceTree = "<group>"; };
		E5A541411D05439D008506B5 /* MeTableItem.m */ = {isa = PBXFileReference; fileEncoding = 4; lastKnownFileType = sourcecode.c.objc; path = MeTableItem.m; sourceTree = "<group>"; };
		E5A541431D055550008506B5 /* MeTableViewCell.h */ = {isa = PBXFileReference; fileEncoding = 4; lastKnownFileType = sourcecode.c.h; path = MeTableViewCell.h; sourceTree = "<group>"; };
		E5A541441D055550008506B5 /* MeTableViewCell.m */ = {isa = PBXFileReference; fileEncoding = 4; lastKnownFileType = sourcecode.c.objc; path = MeTableViewCell.m; sourceTree = "<group>"; };
		E5A541461D0557CA008506B5 /* UIView+Extension.h */ = {isa = PBXFileReference; fileEncoding = 4; lastKnownFileType = sourcecode.c.h; path = "UIView+Extension.h"; sourceTree = "<group>"; };
		E5A541471D0557CA008506B5 /* UIView+Extension.m */ = {isa = PBXFileReference; fileEncoding = 4; lastKnownFileType = sourcecode.c.objc; path = "UIView+Extension.m"; sourceTree = "<group>"; };
/* End PBXFileReference section */

/* Begin PBXFrameworksBuildPhase section */
		E574BA231CF4219500FDB9B4 /* Frameworks */ = {
			isa = PBXFrameworksBuildPhase;
			buildActionMask = 2147483647;
			files = (
				3780748ACA3ED171C702E319 /* libPods.a in Frameworks */,
			);
			runOnlyForDeploymentPostprocessing = 0;
		};
		E574BA3F1CF4219500FDB9B4 /* Frameworks */ = {
			isa = PBXFrameworksBuildPhase;
			buildActionMask = 2147483647;
			files = (
			);
			runOnlyForDeploymentPostprocessing = 0;
		};
		E574BA4A1CF4219500FDB9B4 /* Frameworks */ = {
			isa = PBXFrameworksBuildPhase;
			buildActionMask = 2147483647;
			files = (
			);
			runOnlyForDeploymentPostprocessing = 0;
		};
/* End PBXFrameworksBuildPhase section */

/* Begin PBXGroup section */
		16F913F116A0A9F8968F1201 /* Pods */ = {
			isa = PBXGroup;
			children = (
				220D16039A5AAEF697B6AE90 /* Pods.debug.xcconfig */,
				088F0B2AE8750562F11F0C3B /* Pods.release.xcconfig */,
			);
			name = Pods;
			sourceTree = "<group>";
		};
		D089D2045D2755176C02312C /* Frameworks */ = {
			isa = PBXGroup;
			children = (
				AFA3ED4F2CB0B56FE6049977 /* libPods.a */,
			);
			name = Frameworks;
			sourceTree = "<group>";
		};
		E56FE7B31CF5524D001EE712 /* Utility */ = {
			isa = PBXGroup;
			children = (
				E56FE7B71CF55274001EE712 /* ZUtility.h */,
				E56FE7B81CF55274001EE712 /* ZUtility.m */,
			);
			path = Utility;
			sourceTree = "<group>";
		};
		E574BA1D1CF4219500FDB9B4 = {
			isa = PBXGroup;
			children = (
				E574BA281CF4219500FDB9B4 /* ShopFrame */,
				E574BA451CF4219500FDB9B4 /* ShopFrameTests */,
				E574BA501CF4219500FDB9B4 /* ShopFrameUITests */,
				E574BA271CF4219500FDB9B4 /* Products */,
				16F913F116A0A9F8968F1201 /* Pods */,
				D089D2045D2755176C02312C /* Frameworks */,
			);
			sourceTree = "<group>";
		};
		E574BA271CF4219500FDB9B4 /* Products */ = {
			isa = PBXGroup;
			children = (
				E574BA261CF4219500FDB9B4 /* ShopFrame.app */,
				E574BA421CF4219500FDB9B4 /* ShopFrameTests.xctest */,
				E574BA4D1CF4219500FDB9B4 /* ShopFrameUITests.xctest */,
			);
			name = Products;
			sourceTree = "<group>";
		};
		E574BA281CF4219500FDB9B4 /* ShopFrame */ = {
			isa = PBXGroup;
			children = (
				E574BA2C1CF4219500FDB9B4 /* AppDelegate.h */,
				E574BA2D1CF4219500FDB9B4 /* AppDelegate.m */,
				E574BA601CF435C100FDB9B4 /* SDKS */,
				E574BA5F1CF435B200FDB9B4 /* Controller */,
				E574BA621CF435F900FDB9B4 /* Common */,
				E574BA641CF4361500FDB9B4 /* CustomView */,
				E574BA631CF4360B00FDB9B4 /* Category */,
				E56FE7B31CF5524D001EE712 /* Utility */,
				E5A541271D052ADA008506B5 /* Function */,
				E574BA611CF435E800FDB9B4 /* Service */,
				E574BA2F1CF4219500FDB9B4 /* ViewController.h */,
				E574BA301CF4219500FDB9B4 /* ViewController.m */,
				E574BA321CF4219500FDB9B4 /* Main.storyboard */,
				E574BA661CF4371700FDB9B4 /* PrefixHeader.pch */,
				E574BA681CF437D800FDB9B4 /* CommonDefine.h */,
				E574BA691CF4380E00FDB9B4 /* ApiDefine.h */,
				E574BA6A1CF4382800FDB9B4 /* ColorDefine.h */,
				E574BA6B1CF4383A00FDB9B4 /* NotificationDefine.h */,
				E574BA381CF4219500FDB9B4 /* Assets.xcassets */,
				E574BA3A1CF4219500FDB9B4 /* LaunchScreen.storyboard */,
				E574BA3D1CF4219500FDB9B4 /* Info.plist */,
				E574BA351CF4219500FDB9B4 /* ShopFrame.xcdatamodeld */,
				E574BA291CF4219500FDB9B4 /* Supporting Files */,
			);
			path = ShopFrame;
			sourceTree = "<group>";
		};
		E574BA291CF4219500FDB9B4 /* Supporting Files */ = {
			isa = PBXGroup;
			children = (
				E574BA2A1CF4219500FDB9B4 /* main.m */,
			);
			name = "Supporting Files";
			sourceTree = "<group>";
		};
		E574BA451CF4219500FDB9B4 /* ShopFrameTests */ = {
			isa = PBXGroup;
			children = (
				E574BA461CF4219500FDB9B4 /* ShopFrameTests.m */,
				E574BA481CF4219500FDB9B4 /* Info.plist */,
			);
			path = ShopFrameTests;
			sourceTree = "<group>";
		};
		E574BA501CF4219500FDB9B4 /* ShopFrameUITests */ = {
			isa = PBXGroup;
			children = (
				E574BA511CF4219500FDB9B4 /* ShopFrameUITests.m */,
				E574BA531CF4219500FDB9B4 /* Info.plist */,
			);
			path = ShopFrameUITests;
			sourceTree = "<group>";
		};
		E574BA5F1CF435B200FDB9B4 /* Controller */ = {
			isa = PBXGroup;
			children = (
				E58103561D014B8200A1000D /* AdvertiseViewController */,
				E574BA6F1CF43A2400FDB9B4 /* BaseViewController */,
				E574BA6C1CF4392500FDB9B4 /* HomeViewController */,
				E574BA6D1CF439EC00FDB9B4 /* ShopCartViewController */,
				E574BA6E1CF43A0B00FDB9B4 /* MeViewController */,
			);
			path = Controller;
			sourceTree = "<group>";
		};
		E574BA601CF435C100FDB9B4 /* SDKS */ = {
			isa = PBXGroup;
			children = (
			);
			path = SDKS;
			sourceTree = "<group>";
		};
		E574BA611CF435E800FDB9B4 /* Service */ = {
			isa = PBXGroup;
			children = (
				E574BA751CF43ADD00FDB9B4 /* NetworkService.h */,
				E574BA761CF43ADD00FDB9B4 /* NetworkService.m */,
				E574BA781CF43AF700FDB9B4 /* NetworkServiceItem.h */,
				E574BA791CF43AF700FDB9B4 /* NetworkServiceItem.m */,
			);
			path = Service;
			sourceTree = "<group>";
		};
		E574BA621CF435F900FDB9B4 /* Common */ = {
			isa = PBXGroup;
			children = (
			);
			path = Common;
			sourceTree = "<group>";
		};
		E574BA631CF4360B00FDB9B4 /* Category */ = {
			isa = PBXGroup;
			children = (
				E5A541461D0557CA008506B5 /* UIView+Extension.h */,
				E5A541471D0557CA008506B5 /* UIView+Extension.m */,
				E574BA7B1CF4490F00FDB9B4 /* NSDictionary+SafeObject.h */,
				E574BA7C1CF4490F00FDB9B4 /* NSDictionary+SafeObject.m */,
				E57A35391D00181C009B84AE /* UINavigationBar+Awesome.h */,
				E57A353A1D00181C009B84AE /* UINavigationBar+Awesome.m */,
			);
			path = Category;
			sourceTree = "<group>";
		};
		E574BA641CF4361500FDB9B4 /* CustomView */ = {
			isa = PBXGroup;
			children = (
			);
			path = CustomView;
			sourceTree = "<group>";
		};
		E574BA6C1CF4392500FDB9B4 /* HomeViewController */ = {
			isa = PBXGroup;
			children = (
				E57A35271D0006E9009B84AE /* HomeViewController.h */,
				E57A35281D0006E9009B84AE /* HomeViewController.m */,
				E57A35291D0006E9009B84AE /* HomeViewController.xib */,
			);
			path = HomeViewController;
			sourceTree = "<group>";
		};
		E574BA6D1CF439EC00FDB9B4 /* ShopCartViewController */ = {
			isa = PBXGroup;
			children = (
				E57A352C1D0006FD009B84AE /* ShopCartViewController.h */,
				E57A352D1D0006FD009B84AE /* ShopCartViewController.m */,
				E57A352E1D0006FD009B84AE /* ShopCartViewController.xib */,
			);
			path = ShopCartViewController;
			sourceTree = "<group>";
		};
		E574BA6E1CF43A0B00FDB9B4 /* MeViewController */ = {
			isa = PBXGroup;
			children = (
				E5A5413C1D05436D008506B5 /* Item */,
				E57A35311D00070A009B84AE /* MeViewController.h */,
				E57A35321D00070A009B84AE /* MeViewController.m */,
				E57A35331D00070A009B84AE /* MeViewController.xib */,
				E5A541431D055550008506B5 /* MeTableViewCell.h */,
				E5A541441D055550008506B5 /* MeTableViewCell.m */,
			);
			path = MeViewController;
			sourceTree = "<group>";
		};
		E574BA6F1CF43A2400FDB9B4 /* BaseViewController */ = {
			isa = PBXGroup;
			children = (
				E574BA701CF43A4300FDB9B4 /* BaseViewController.h */,
				E574BA711CF43A4300FDB9B4 /* BaseViewController.m */,
				E59BBC481CFD72AB00B9E8DB /* BaseScrollViewController.h */,
				E59BBC491CFD72AB00B9E8DB /* BaseScrollViewController.m */,
				E59BBC4B1CFD72BF00B9E8DB /* BaseTableViewController.h */,
				E59BBC4C1CFD72BF00B9E8DB /* BaseTableViewController.m */,
				E59BBC4E1CFD72EB00B9E8DB /* BaseCollectionViewController.h */,
				E59BBC4F1CFD72EB00B9E8DB /* BaseCollectionViewController.m */,
				E59BBC511CFDA5D300B9E8DB /* BaseTableGroupViewController.h */,
				E59BBC521CFDA5D300B9E8DB /* BaseTableGroupViewController.m */,
				E57A351E1CFFFEF3009B84AE /* BaseTableViewCell.h */,
				E57A351F1CFFFEF3009B84AE /* BaseTableViewCell.m */,
				E57A35211CFFFF10009B84AE /* BaseTableItem.h */,
				E57A35221CFFFF10009B84AE /* BaseTableItem.m */,
				E57A35241CFFFF2D009B84AE /* BaseTableGropItem.h */,
				E57A35251CFFFF2D009B84AE /* BaseTableGropItem.m */,
			);
			path = BaseViewController;
			sourceTree = "<group>";
		};
		E58103561D014B8200A1000D /* AdvertiseViewController */ = {
			isa = PBXGroup;
			children = (
				E515F2301D017DBC003F89DE /* AdvertiseView.h */,
				E515F22F1D017DBC003F89DE /* AdvertiseView.m */,
				E58103571D014B9A00A1000D /* AdvertiseViewController.h */,
				E58103581D014B9A00A1000D /* AdvertiseViewController.m */,
			);
			path = AdvertiseViewController;
			sourceTree = "<group>";
		};
		E5A2568F1D06BEEE00978309 /* passwordProtect */ = {
			isa = PBXGroup;
			children = (
				E5A258A91D06BF4A00978309 /* PasswordInputWindow.h */,
				E5A258AA1D06BF4A00978309 /* PasswordInputWindow.m */,
			);
			path = passwordProtect;
			sourceTree = "<group>";
		};
		E5A541271D052ADA008506B5 /* Function */ = {
			isa = PBXGroup;
			children = (
				E5A2568F1D06BEEE00978309 /* passwordProtect */,
				E5A541281D052AF2008506B5 /* RuntimepushViewController */,
			);
			path = Function;
			sourceTree = "<group>";
		};
		E5A541281D052AF2008506B5 /* RuntimepushViewController */ = {
			isa = PBXGroup;
			children = (
				E5A5412C1D053F14008506B5 /* ListViewController */,
				E5A541291D052BF9008506B5 /* RuntimePushSuperViewController.h */,
				E5A5412A1D052BF9008506B5 /* RuntimePushSuperViewController.m */,
			);
			path = RuntimepushViewController;
			sourceTree = "<group>";
		};
		E5A5412C1D053F14008506B5 /* ListViewController */ = {
			isa = PBXGroup;
			children = (
				E5A541391D053FCA008506B5 /* RuntimePushListViewController.h */,
				E5A5413A1D053FCA008506B5 /* RuntimePushListViewController.m */,
				E5A5412D1D053F48008506B5 /* RuntimePushFristViewController.h */,
				E5A5412E1D053F48008506B5 /* RuntimePushFristViewController.m */,
				E5A541301D053F5B008506B5 /* RuntimePushSecondViewController.h */,
				E5A541311D053F5B008506B5 /* RuntimePushSecondViewController.m */,
				E5A541331D053F73008506B5 /* RuntimePushThirdViewController.h */,
				E5A541341D053F73008506B5 /* RuntimePushThirdViewController.m */,
				E5A541361D053F81008506B5 /* RuntimePushFourViewController.h */,
				E5A541371D053F81008506B5 /* RuntimePushFourViewController.m */,
			);
			path = ListViewController;
			sourceTree = "<group>";
		};
		E5A5413C1D05436D008506B5 /* Item */ = {
			isa = PBXGroup;
			children = (
				E5A5413D1D054389008506B5 /* MeTableGropItem.h */,
				E5A5413E1D054389008506B5 /* MeTableGropItem.m */,
				E5A541401D05439D008506B5 /* MeTableItem.h */,
				E5A541411D05439D008506B5 /* MeTableItem.m */,
			);
			path = Item;
			sourceTree = "<group>";
		};
/* End PBXGroup section */

/* Begin PBXNativeTarget section */
		E574BA251CF4219500FDB9B4 /* ShopFrame */ = {
			isa = PBXNativeTarget;
			buildConfigurationList = E574BA561CF4219500FDB9B4 /* Build configuration list for PBXNativeTarget "ShopFrame" */;
			buildPhases = (
				1E85CCCA5749D25CAB52A7F2 /* Check Pods Manifest.lock */,
				E574BA221CF4219500FDB9B4 /* Sources */,
				E574BA231CF4219500FDB9B4 /* Frameworks */,
				E574BA241CF4219500FDB9B4 /* Resources */,
				A9CA32F0D2CD4B16159F65D0 /* Embed Pods Frameworks */,
				297E7CBD3B49272A6E93A65F /* Copy Pods Resources */,
			);
			buildRules = (
			);
			dependencies = (
			);
			name = ShopFrame;
			productName = ShopFrame;
			productReference = E574BA261CF4219500FDB9B4 /* ShopFrame.app */;
			productType = "com.apple.product-type.application";
		};
		E574BA411CF4219500FDB9B4 /* ShopFrameTests */ = {
			isa = PBXNativeTarget;
			buildConfigurationList = E574BA591CF4219500FDB9B4 /* Build configuration list for PBXNativeTarget "ShopFrameTests" */;
			buildPhases = (
				E574BA3E1CF4219500FDB9B4 /* Sources */,
				E574BA3F1CF4219500FDB9B4 /* Frameworks */,
				E574BA401CF4219500FDB9B4 /* Resources */,
			);
			buildRules = (
			);
			dependencies = (
				E574BA441CF4219500FDB9B4 /* PBXTargetDependency */,
			);
			name = ShopFrameTests;
			productName = ShopFrameTests;
			productReference = E574BA421CF4219500FDB9B4 /* ShopFrameTests.xctest */;
			productType = "com.apple.product-type.bundle.unit-test";
		};
		E574BA4C1CF4219500FDB9B4 /* ShopFrameUITests */ = {
			isa = PBXNativeTarget;
			buildConfigurationList = E574BA5C1CF4219500FDB9B4 /* Build configuration list for PBXNativeTarget "ShopFrameUITests" */;
			buildPhases = (
				E574BA491CF4219500FDB9B4 /* Sources */,
				E574BA4A1CF4219500FDB9B4 /* Frameworks */,
				E574BA4B1CF4219500FDB9B4 /* Resources */,
			);
			buildRules = (
			);
			dependencies = (
				E574BA4F1CF4219500FDB9B4 /* PBXTargetDependency */,
			);
			name = ShopFrameUITests;
			productName = ShopFrameUITests;
			productReference = E574BA4D1CF4219500FDB9B4 /* ShopFrameUITests.xctest */;
			productType = "com.apple.product-type.bundle.ui-testing";
		};
/* End PBXNativeTarget section */

/* Begin PBXProject section */
		E574BA1E1CF4219500FDB9B4 /* Project object */ = {
			isa = PBXProject;
			attributes = {
				LastUpgradeCheck = 0720;
				ORGANIZATIONNAME = ZRS;
				TargetAttributes = {
					E574BA251CF4219500FDB9B4 = {
						CreatedOnToolsVersion = 7.2.1;
					};
					E574BA411CF4219500FDB9B4 = {
						CreatedOnToolsVersion = 7.2.1;
						TestTargetID = E574BA251CF4219500FDB9B4;
					};
					E574BA4C1CF4219500FDB9B4 = {
						CreatedOnToolsVersion = 7.2.1;
						TestTargetID = E574BA251CF4219500FDB9B4;
					};
				};
			};
			buildConfigurationList = E574BA211CF4219500FDB9B4 /* Build configuration list for PBXProject "ShopFrame" */;
			compatibilityVersion = "Xcode 3.2";
			developmentRegion = English;
			hasScannedForEncodings = 0;
			knownRegions = (
				en,
				Base,
			);
			mainGroup = E574BA1D1CF4219500FDB9B4;
			productRefGroup = E574BA271CF4219500FDB9B4 /* Products */;
			projectDirPath = "";
			projectRoot = "";
			targets = (
				E574BA251CF4219500FDB9B4 /* ShopFrame */,
				E574BA411CF4219500FDB9B4 /* ShopFrameTests */,
				E574BA4C1CF4219500FDB9B4 /* ShopFrameUITests */,
			);
		};
/* End PBXProject section */

/* Begin PBXResourcesBuildPhase section */
		E574BA241CF4219500FDB9B4 /* Resources */ = {
			isa = PBXResourcesBuildPhase;
			buildActionMask = 2147483647;
			files = (
				E57A35351D00070A009B84AE /* MeViewController.xib in Resources */,
				E574BA3C1CF4219500FDB9B4 /* LaunchScreen.storyboard in Resources */,
				E574BA391CF4219500FDB9B4 /* Assets.xcassets in Resources */,
				E57A35301D0006FD009B84AE /* ShopCartViewController.xib in Resources */,
				E574BA341CF4219500FDB9B4 /* Main.storyboard in Resources */,
				E57A352B1D0006E9009B84AE /* HomeViewController.xib in Resources */,
			);
			runOnlyForDeploymentPostprocessing = 0;
		};
		E574BA401CF4219500FDB9B4 /* Resources */ = {
			isa = PBXResourcesBuildPhase;
			buildActionMask = 2147483647;
			files = (
			);
			runOnlyForDeploymentPostprocessing = 0;
		};
		E574BA4B1CF4219500FDB9B4 /* Resources */ = {
			isa = PBXResourcesBuildPhase;
			buildActionMask = 2147483647;
			files = (
			);
			runOnlyForDeploymentPostprocessing = 0;
		};
/* End PBXResourcesBuildPhase section */

/* Begin PBXShellScriptBuildPhase section */
		1E85CCCA5749D25CAB52A7F2 /* Check Pods Manifest.lock */ = {
			isa = PBXShellScriptBuildPhase;
			buildActionMask = 2147483647;
			files = (
			);
			inputPaths = (
			);
			name = "Check Pods Manifest.lock";
			outputPaths = (
			);
			runOnlyForDeploymentPostprocessing = 0;
			shellPath = /bin/sh;
			shellScript = "diff \"${PODS_ROOT}/../Podfile.lock\" \"${PODS_ROOT}/Manifest.lock\" > /dev/null\nif [[ $? != 0 ]] ; then\n    cat << EOM\nerror: The sandbox is not in sync with the Podfile.lock. Run 'pod install' or update your CocoaPods installation.\nEOM\n    exit 1\nfi\n";
			showEnvVarsInLog = 0;
		};
		297E7CBD3B49272A6E93A65F /* Copy Pods Resources */ = {
			isa = PBXShellScriptBuildPhase;
			buildActionMask = 2147483647;
			files = (
			);
			inputPaths = (
			);
			name = "Copy Pods Resources";
			outputPaths = (
			);
			runOnlyForDeploymentPostprocessing = 0;
			shellPath = /bin/sh;
			shellScript = "\"${SRCROOT}/Pods/Target Support Files/Pods/Pods-resources.sh\"\n";
			showEnvVarsInLog = 0;
		};
		A9CA32F0D2CD4B16159F65D0 /* Embed Pods Frameworks */ = {
			isa = PBXShellScriptBuildPhase;
			buildActionMask = 2147483647;
			files = (
			);
			inputPaths = (
			);
			name = "Embed Pods Frameworks";
			outputPaths = (
			);
			runOnlyForDeploymentPostprocessing = 0;
			shellPath = /bin/sh;
			shellScript = "\"${SRCROOT}/Pods/Target Support Files/Pods/Pods-frameworks.sh\"\n";
			showEnvVarsInLog = 0;
		};
/* End PBXShellScriptBuildPhase section */

/* Begin PBXSourcesBuildPhase section */
		E574BA221CF4219500FDB9B4 /* Sources */ = {
			isa = PBXSourcesBuildPhase;
			buildActionMask = 2147483647;
			files = (
				E574BA311CF4219500FDB9B4 /* ViewController.m in Sources */,
				E574BA731CF43A4300FDB9B4 /* BaseViewController.m in Sources */,
				E574BA2E1CF4219500FDB9B4 /* AppDelegate.m in Sources */,
				E58103591D014B9A00A1000D /* AdvertiseViewController.m in Sources */,
				E57A35231CFFFF10009B84AE /* BaseTableItem.m in Sources */,
				E5A5413B1D053FCA008506B5 /* RuntimePushListViewController.m in Sources */,
				E574BA2B1CF4219500FDB9B4 /* main.m in Sources */,
				E574BA7D1CF4490F00FDB9B4 /* NSDictionary+SafeObject.m in Sources */,
				E574BA771CF43ADD00FDB9B4 /* NetworkService.m in Sources */,
				E5A5412B1D052BF9008506B5 /* RuntimePushSuperViewController.m in Sources */,
				E59BBC4D1CFD72BF00B9E8DB /* BaseTableViewController.m in Sources */,
				E57A352A1D0006E9009B84AE /* HomeViewController.m in Sources */,
				E515F2311D017DBC003F89DE /* AdvertiseView.m in Sources */,
				E5A5412F1D053F48008506B5 /* RuntimePushFristViewController.m in Sources */,
				E5A541481D0557CA008506B5 /* UIView+Extension.m in Sources */,
				E57A35261CFFFF2D009B84AE /* BaseTableGropItem.m in Sources */,
				E59BBC501CFD72EB00B9E8DB /* BaseCollectionViewController.m in Sources */,
				E59BBC4A1CFD72AB00B9E8DB /* BaseScrollViewController.m in Sources */,
				E5A541421D05439D008506B5 /* MeTableItem.m in Sources */,
				E574BA371CF4219500FDB9B4 /* ShopFrame.xcdatamodeld in Sources */,
				E57A35341D00070A009B84AE /* MeViewController.m in Sources */,
				E5A541321D053F5B008506B5 /* RuntimePushSecondViewController.m in Sources */,
				E5A5413F1D054389008506B5 /* MeTableGropItem.m in Sources */,
				E574BA7A1CF43AF700FDB9B4 /* NetworkServiceItem.m in Sources */,
				E57A352F1D0006FD009B84AE /* ShopCartViewController.m in Sources */,
				E5A258AB1D06BF4A00978309 /* PasswordInputWindow.m in Sources */,
				E5A541381D053F81008506B5 /* RuntimePushFourViewController.m in Sources */,
				E59BBC531CFDA5D300B9E8DB /* BaseTableGroupViewController.m in Sources */,
				E57A35201CFFFEF3009B84AE /* BaseTableViewCell.m in Sources */,
				E5A541451D055550008506B5 /* MeTableViewCell.m in Sources */,
				E56FE7B91CF55274001EE712 /* ZUtility.m in Sources */,
				E5A541351D053F73008506B5 /* RuntimePushThirdViewController.m in Sources */,
				E57A353B1D00181C009B84AE /* UINavigationBar+Awesome.m in Sources */,
			);
			runOnlyForDeploymentPostprocessing = 0;
		};
		E574BA3E1CF4219500FDB9B4 /* Sources */ = {
			isa = PBXSourcesBuildPhase;
			buildActionMask = 2147483647;
			files = (
				E574BA471CF4219500FDB9B4 /* ShopFrameTests.m in Sources */,
			);
			runOnlyForDeploymentPostprocessing = 0;
		};
		E574BA491CF4219500FDB9B4 /* Sources */ = {
			isa = PBXSourcesBuildPhase;
			buildActionMask = 2147483647;
			files = (
				E574BA521CF4219500FDB9B4 /* ShopFrameUITests.m in Sources */,
			);
			runOnlyForDeploymentPostprocessing = 0;
		};
/* End PBXSourcesBuildPhase section */

/* Begin PBXTargetDependency section */
		E574BA441CF4219500FDB9B4 /* PBXTargetDependency */ = {
			isa = PBXTargetDependency;
			target = E574BA251CF4219500FDB9B4 /* ShopFrame */;
			targetProxy = E574BA431CF4219500FDB9B4 /* PBXContainerItemProxy */;
		};
		E574BA4F1CF4219500FDB9B4 /* PBXTargetDependency */ = {
			isa = PBXTargetDependency;
			target = E574BA251CF4219500FDB9B4 /* ShopFrame */;
			targetProxy = E574BA4E1CF4219500FDB9B4 /* PBXContainerItemProxy */;
		};
/* End PBXTargetDependency section */

/* Begin PBXVariantGroup section */
		E574BA321CF4219500FDB9B4 /* Main.storyboard */ = {
			isa = PBXVariantGroup;
			children = (
				E574BA331CF4219500FDB9B4 /* Base */,
			);
			name = Main.storyboard;
			sourceTree = "<group>";
		};
		E574BA3A1CF4219500FDB9B4 /* LaunchScreen.storyboard */ = {
			isa = PBXVariantGroup;
			children = (
				E574BA3B1CF4219500FDB9B4 /* Base */,
			);
			name = LaunchScreen.storyboard;
			sourceTree = "<group>";
		};
/* End PBXVariantGroup section */

/* Begin XCBuildConfiguration section */
		E574BA541CF4219500FDB9B4 /* Debug */ = {
			isa = XCBuildConfiguration;
			buildSettings = {
				ALWAYS_SEARCH_USER_PATHS = NO;
				CLANG_CXX_LANGUAGE_STANDARD = "gnu++0x";
				CLANG_CXX_LIBRARY = "libc++";
				CLANG_ENABLE_MODULES = YES;
				CLANG_ENABLE_OBJC_ARC = YES;
				CLANG_WARN_BOOL_CONVERSION = YES;
				CLANG_WARN_CONSTANT_CONVERSION = YES;
				CLANG_WARN_DIRECT_OBJC_ISA_USAGE = YES_ERROR;
				CLANG_WARN_EMPTY_BODY = YES;
				CLANG_WARN_ENUM_CONVERSION = YES;
				CLANG_WARN_INT_CONVERSION = YES;
				CLANG_WARN_OBJC_ROOT_CLASS = YES_ERROR;
				CLANG_WARN_UNREACHABLE_CODE = YES;
				CLANG_WARN__DUPLICATE_METHOD_MATCH = YES;
				"CODE_SIGN_IDENTITY[sdk=iphoneos*]" = "iPhone Developer";
				COPY_PHASE_STRIP = NO;
				DEBUG_INFORMATION_FORMAT = dwarf;
				ENABLE_STRICT_OBJC_MSGSEND = YES;
				ENABLE_TESTABILITY = YES;
				GCC_C_LANGUAGE_STANDARD = gnu99;
				GCC_DYNAMIC_NO_PIC = NO;
				GCC_NO_COMMON_BLOCKS = YES;
				GCC_OPTIMIZATION_LEVEL = 0;
				GCC_PREPROCESSOR_DEFINITIONS = (
					"DEBUG=1",
					"$(inherited)",
				);
				GCC_WARN_64_TO_32_BIT_CONVERSION = YES;
				GCC_WARN_ABOUT_RETURN_TYPE = YES_ERROR;
				GCC_WARN_UNDECLARED_SELECTOR = YES;
				GCC_WARN_UNINITIALIZED_AUTOS = YES_AGGRESSIVE;
				GCC_WARN_UNUSED_FUNCTION = YES;
				GCC_WARN_UNUSED_VARIABLE = YES;
				IPHONEOS_DEPLOYMENT_TARGET = 9.2;
				MTL_ENABLE_DEBUG_INFO = YES;
				ONLY_ACTIVE_ARCH = YES;
				SDKROOT = iphoneos;
				TARGETED_DEVICE_FAMILY = "1,2";
			};
			name = Debug;
		};
		E574BA551CF4219500FDB9B4 /* Release */ = {
			isa = XCBuildConfiguration;
			buildSettings = {
				ALWAYS_SEARCH_USER_PATHS = NO;
				CLANG_CXX_LANGUAGE_STANDARD = "gnu++0x";
				CLANG_CXX_LIBRARY = "libc++";
				CLANG_ENABLE_MODULES = YES;
				CLANG_ENABLE_OBJC_ARC = YES;
				CLANG_WARN_BOOL_CONVERSION = YES;
				CLANG_WARN_CONSTANT_CONVERSION = YES;
				CLANG_WARN_DIRECT_OBJC_ISA_USAGE = YES_ERROR;
				CLANG_WARN_EMPTY_BODY = YES;
				CLANG_WARN_ENUM_CONVERSION = YES;
				CLANG_WARN_INT_CONVERSION = YES;
				CLANG_WARN_OBJC_ROOT_CLASS = YES_ERROR;
				CLANG_WARN_UNREACHABLE_CODE = YES;
				CLANG_WARN__DUPLICATE_METHOD_MATCH = YES;
				"CODE_SIGN_IDENTITY[sdk=iphoneos*]" = "iPhone Developer";
				COPY_PHASE_STRIP = NO;
				DEBUG_INFORMATION_FORMAT = "dwarf-with-dsym";
				ENABLE_NS_ASSERTIONS = NO;
				ENABLE_STRICT_OBJC_MSGSEND = YES;
				GCC_C_LANGUAGE_STANDARD = gnu99;
				GCC_NO_COMMON_BLOCKS = YES;
				GCC_WARN_64_TO_32_BIT_CONVERSION = YES;
				GCC_WARN_ABOUT_RETURN_TYPE = YES_ERROR;
				GCC_WARN_UNDECLARED_SELECTOR = YES;
				GCC_WARN_UNINITIALIZED_AUTOS = YES_AGGRESSIVE;
				GCC_WARN_UNUSED_FUNCTION = YES;
				GCC_WARN_UNUSED_VARIABLE = YES;
				IPHONEOS_DEPLOYMENT_TARGET = 9.2;
				MTL_ENABLE_DEBUG_INFO = NO;
				SDKROOT = iphoneos;
				TARGETED_DEVICE_FAMILY = "1,2";
				VALIDATE_PRODUCT = YES;
			};
			name = Release;
		};
		E574BA571CF4219500FDB9B4 /* Debug */ = {
			isa = XCBuildConfiguration;
			baseConfigurationReference = 220D16039A5AAEF697B6AE90 /* Pods.debug.xcconfig */;
			buildSettings = {
				ASSETCATALOG_COMPILER_APPICON_NAME = AppIcon;
				GCC_PREFIX_HEADER = "$(SRCROOT)/ShopFrame/PrefixHeader.pch";
				INFOPLIST_FILE = ShopFrame/Info.plist;
				IPHONEOS_DEPLOYMENT_TARGET = 9.2;
				LD_RUNPATH_SEARCH_PATHS = "$(inherited) @executable_path/Frameworks";
				PRODUCT_BUNDLE_IDENTIFIER = ZRS.ShopFrame;
				PRODUCT_NAME = "$(TARGET_NAME)";
			};
			name = Debug;
		};
		E574BA581CF4219500FDB9B4 /* Release */ = {
			isa = XCBuildConfiguration;
			baseConfigurationReference = 088F0B2AE8750562F11F0C3B /* Pods.release.xcconfig */;
			buildSettings = {
				ASSETCATALOG_COMPILER_APPICON_NAME = AppIcon;
				GCC_PREFIX_HEADER = "$(SRCROOT)/ShopFrame/PrefixHeader.pch";
				INFOPLIST_FILE = ShopFrame/Info.plist;
				IPHONEOS_DEPLOYMENT_TARGET = 9.2;
				LD_RUNPATH_SEARCH_PATHS = "$(inherited) @executable_path/Frameworks";
				PRODUCT_BUNDLE_IDENTIFIER = ZRS.ShopFrame;
				PRODUCT_NAME = "$(TARGET_NAME)";
			};
			name = Release;
		};
		E574BA5A1CF4219500FDB9B4 /* Debug */ = {
			isa = XCBuildConfiguration;
			buildSettings = {
				BUNDLE_LOADER = "$(TEST_HOST)";
				INFOPLIST_FILE = ShopFrameTests/Info.plist;
				LD_RUNPATH_SEARCH_PATHS = "$(inherited) @executable_path/Frameworks @loader_path/Frameworks";
				PRODUCT_BUNDLE_IDENTIFIER = ZRS.ShopFrameTests;
				PRODUCT_NAME = "$(TARGET_NAME)";
				TEST_HOST = "$(BUILT_PRODUCTS_DIR)/ShopFrame.app/ShopFrame";
			};
			name = Debug;
		};
		E574BA5B1CF4219500FDB9B4 /* Release */ = {
			isa = XCBuildConfiguration;
			buildSettings = {
				BUNDLE_LOADER = "$(TEST_HOST)";
				INFOPLIST_FILE = ShopFrameTests/Info.plist;
				LD_RUNPATH_SEARCH_PATHS = "$(inherited) @executable_path/Frameworks @loader_path/Frameworks";
				PRODUCT_BUNDLE_IDENTIFIER = ZRS.ShopFrameTests;
				PRODUCT_NAME = "$(TARGET_NAME)";
				TEST_HOST = "$(BUILT_PRODUCTS_DIR)/ShopFrame.app/ShopFrame";
			};
			name = Release;
		};
		E574BA5D1CF4219500FDB9B4 /* Debug */ = {
			isa = XCBuildConfiguration;
			buildSettings = {
				INFOPLIST_FILE = ShopFrameUITests/Info.plist;
				LD_RUNPATH_SEARCH_PATHS = "$(inherited) @executable_path/Frameworks @loader_path/Frameworks";
				PRODUCT_BUNDLE_IDENTIFIER = ZRS.ShopFrameUITests;
				PRODUCT_NAME = "$(TARGET_NAME)";
				TEST_TARGET_NAME = ShopFrame;
				USES_XCTRUNNER = YES;
			};
			name = Debug;
		};
		E574BA5E1CF4219500FDB9B4 /* Release */ = {
			isa = XCBuildConfiguration;
			buildSettings = {
				INFOPLIST_FILE = ShopFrameUITests/Info.plist;
				LD_RUNPATH_SEARCH_PATHS = "$(inherited) @executable_path/Frameworks @loader_path/Frameworks";
				PRODUCT_BUNDLE_IDENTIFIER = ZRS.ShopFrameUITests;
				PRODUCT_NAME = "$(TARGET_NAME)";
				TEST_TARGET_NAME = ShopFrame;
				USES_XCTRUNNER = YES;
			};
			name = Release;
		};
/* End XCBuildConfiguration section */

/* Begin XCConfigurationList section */
		E574BA211CF4219500FDB9B4 /* Build configuration list for PBXProject "ShopFrame" */ = {
			isa = XCConfigurationList;
			buildConfigurations = (
				E574BA541CF4219500FDB9B4 /* Debug */,
				E574BA551CF4219500FDB9B4 /* Release */,
			);
			defaultConfigurationIsVisible = 0;
			defaultConfigurationName = Release;
		};
		E574BA561CF4219500FDB9B4 /* Build configuration list for PBXNativeTarget "ShopFrame" */ = {
			isa = XCConfigurationList;
			buildConfigurations = (
				E574BA571CF4219500FDB9B4 /* Debug */,
				E574BA581CF4219500FDB9B4 /* Release */,
			);
			defaultConfigurationIsVisible = 0;
			defaultConfigurationName = Release;
		};
		E574BA591CF4219500FDB9B4 /* Build configuration list for PBXNativeTarget "ShopFrameTests" */ = {
			isa = XCConfigurationList;
			buildConfigurations = (
				E574BA5A1CF4219500FDB9B4 /* Debug */,
				E574BA5B1CF4219500FDB9B4 /* Release */,
			);
			defaultConfigurationIsVisible = 0;
			defaultConfigurationName = Release;
		};
		E574BA5C1CF4219500FDB9B4 /* Build configuration list for PBXNativeTarget "ShopFrameUITests" */ = {
			isa = XCConfigurationList;
			buildConfigurations = (
				E574BA5D1CF4219500FDB9B4 /* Debug */,
				E574BA5E1CF4219500FDB9B4 /* Release */,
			);
			defaultConfigurationIsVisible = 0;
			defaultConfigurationName = Release;
		};
/* End XCConfigurationList section */

/* Begin XCVersionGroup section */
		E574BA351CF4219500FDB9B4 /* ShopFrame.xcdatamodeld */ = {
			isa = XCVersionGroup;
			children = (
				E574BA361CF4219500FDB9B4 /* ShopFrame.xcdatamodel */,
			);
			currentVersion = E574BA361CF4219500FDB9B4 /* ShopFrame.xcdatamodel */;
			path = ShopFrame.xcdatamodeld;
			sourceTree = "<group>";
			versionGroupType = wrapper.xcdatamodel;
		};
/* End XCVersionGroup section */
	};
	rootObject = E574BA1E1CF4219500FDB9B4 /* Project object */;
}
